
Microsoft Visual Studio Solution File, Format Version 12.00
# Visual Studio 2012
Project("{FAE04EC0-301F-11D3-BF4B-00C04F79EFBC}") = "Film Finder", "Film Finder\Film Finder.csproj", "{AAE388EB-5B97-4428-A940-8A7DAFADDAE5}"
EndProject
Global
	GlobalSection(SolutionConfigurationPlatforms) = preSolution
		Debug|Any CPU = Debug|Any CPU
		Release|Any CPU = Release|Any CPU
	EndGlobalSection
	GlobalSection(ProjectConfigurationPlatforms) = postSolution
		{AAE388EB-5B97-4428-A940-8A7DAFADDAE5}.Debug|Any CPU.ActiveCfg = Debug|Any CPU
		{AAE388EB-5B97-4428-A940-8A7DAFADDAE5}.Debug|Any CPU.Build.0 = Debug|Any CPU
		{AAE388EB-5B97-4428-A940-8A7DAFADDAE5}.Release|Any CPU.ActiveCfg = Release|Any CPU
		{AAE388EB-5B97-4428-A940-8A7DAFADDAE5}.Release|Any CPU.Build.0 = Release|Any CPU
	EndGlobalSection
	GlobalSection(SolutionProperties) = preSolution
		HideSolutionNode = FALSE
	EndGlobalSection
EndGlobal
